
Microsoft Visual Studio Solution File, Format Version 12.00
# Visual Studio Version 17
VisualStudioVersion = 17.0.31912.275
MinimumVisualStudioVersion = 10.0.40219.1
Project("{9A19103F-16F7-4668-BE54-9A1E7A4F7556}") = "IMS.WebApp", "IMS.WebApp\IMS.WebApp.csproj", "{368BB55B-EC8C-481C-B568-1E2912BD1208}"
EndProject
Project("{9A19103F-16F7-4668-BE54-9A1E7A4F7556}") = "IMS.UseCases", "IMS.UseCases\IMS.UseCases.csproj", "{E81848D9-2509-42D7-8B67-84E6416206E2}"
EndProject
Project("{9A19103F-16F7-4668-BE54-9A1E7A4F7556}") = "IMS.CoreBusiness", "IMS.CoreBusiness\IMS.CoreBusiness.csproj", "{BDA26087-0BA3-4F16-AAC3-72070351A236}"
EndProject
Project("{9A19103F-16F7-4668-BE54-9A1E7A4F7556}") = "IMS.Plugins.EFCore", "IMS.Plugins.EFCore\IMS.Plugins.EFCore.csproj", "{F389F024-98B2-42C5-A3AE-520FDCF41505}"
EndProject
Global
	GlobalSection(SolutionConfigurationPlatforms) = preSolution
		Debug|Any CPU = Debug|Any CPU
		Release|Any CPU = Release|Any CPU
	EndGlobalSection
	GlobalSection(ProjectConfigurationPlatforms) = postSolution
		{368BB55B-EC8C-481C-B568-1E2912BD1208}.Debug|Any CPU.ActiveCfg = Debug|Any CPU
		{368BB55B-EC8C-481C-B568-1E2912BD1208}.Debug|Any CPU.Build.0 = Debug|Any CPU
		{368BB55B-EC8C-481C-B568-1E2912BD1208}.Release|Any CPU.ActiveCfg = Release|Any CPU
		{368BB55B-EC8C-481C-B568-1E2912BD1208}.Release|Any CPU.Build.0 = Release|Any CPU
		{E81848D9-2509-42D7-8B67-84E6416206E2}.Debug|Any CPU.ActiveCfg = Debug|Any CPU
		{E81848D9-2509-42D7-8B67-84E6416206E2}.Debug|Any CPU.Build.0 = Debug|Any CPU
		{E81848D9-2509-42D7-8B67-84E6416206E2}.Release|Any CPU.ActiveCfg = Release|Any CPU
		{E81848D9-2509-42D7-8B67-84E6416206E2}.Release|Any CPU.Build.0 = Release|Any CPU
		{BDA26087-0BA3-4F16-AAC3-72070351A236}.Debug|Any CPU.ActiveCfg = Debug|Any CPU
		{BDA26087-0BA3-4F16-AAC3-72070351A236}.Debug|Any CPU.Build.0 = Debug|Any CPU
		{BDA26087-0BA3-4F16-AAC3-72070351A236}.Release|Any CPU.ActiveCfg = Release|Any CPU
		{BDA26087-0BA3-4F16-AAC3-72070351A236}.Release|Any CPU.Build.0 = Release|Any CPU
		{F389F024-98B2-42C5-A3AE-520FDCF41505}.Debug|Any CPU.ActiveCfg = Debug|Any CPU
		{F389F024-98B2-42C5-A3AE-520FDCF41505}.Debug|Any CPU.Build.0 = Debug|Any CPU
		{F389F024-98B2-42C5-A3AE-520FDCF41505}.Release|Any CPU.ActiveCfg = Release|Any CPU
		{F389F024-98B2-42C5-A3AE-520FDCF41505}.Release|Any CPU.Build.0 = Release|Any CPU
	EndGlobalSection
	GlobalSection(SolutionProperties) = preSolution
		HideSolutionNode = FALSE
	EndGlobalSection
	GlobalSection(ExtensibilityGlobals) = postSolution
		SolutionGuid = {E1C6C0F5-F400-474E-812F-6AA9CEC47E28}
	EndGlobalSection
EndGlobal
